
Microsoft Visual Studio Solution File, Format Version 12.00
# Visual Studio Version 16
VisualStudioVersion = 16.0.29519.181
MinimumVisualStudioVersion = 10.0.40219.1
Project("{FAE04EC0-301F-11D3-BF4B-00C04F79EFBC}") = "FinanceiroDesktop", "FinanceiroDesktop\FinanceiroDesktop.csproj", "{77B57F25-9CF1-44EF-B6BD-B29BD95BC38D}"
EndProject
Global
	GlobalSection(SolutionConfigurationPlatforms) = preSolution
		Debug|Any CPU = Debug|Any CPU
		Release|Any CPU = Release|Any CPU
	EndGlobalSection
	GlobalSection(ProjectConfigurationPlatforms) = postSolution
		{77B57F25-9CF1-44EF-B6BD-B29BD95BC38D}.Debug|Any CPU.ActiveCfg = Debug|Any CPU
		{77B57F25-9CF1-44EF-B6BD-B29BD95BC38D}.Debug|Any CPU.Build.0 = Debug|Any CPU
		{77B57F25-9CF1-44EF-B6BD-B29BD95BC38D}.Release|Any CPU.ActiveCfg = Release|Any CPU
		{77B57F25-9CF1-44EF-B6BD-B29BD95BC38D}.Release|Any CPU.Build.0 = Release|Any CPU
	EndGlobalSection
	GlobalSection(SolutionProperties) = preSolution
		HideSolutionNode = FALSE
	EndGlobalSection
	GlobalSection(ExtensibilityGlobals) = postSolution
		SolutionGuid = {AFF47137-8D90-42BD-8BF1-EA28212E4B73}
	EndGlobalSection
EndGlobal
